
Microsoft Visual Studio Solution File, Format Version 12.00
# Visual Studio 15
VisualStudioVersion = 15.0.26430.15
MinimumVisualStudioVersion = 10.0.40219.1
Project("{FAE04EC0-301F-11D3-BF4B-00C04F79EFBC}") = "GUI", "GUI.csproj", "{AF3BF73E-93F4-4394-A415-7A835E0B5942}"
EndProject
Project("{FAE04EC0-301F-11D3-BF4B-00C04F79EFBC}") = "BL", "..\BL\BL.csproj", "{133B0F47-DA44-4FBF-99E0-331DFA048D78}"
EndProject
Project("{FAE04EC0-301F-11D3-BF4B-00C04F79EFBC}") = "DLL", "DLL\DLL.csproj", "{76ECD203-F022-4409-9C74-59EA353010E6}"
EndProject
Project("{54435603-DBB4-11D2-8724-00A0C9A8B90C}") = "Installer", "..\Installer\Installer.vdproj", "{14E4C52E-8C1C-4C77-BBAE-7E4F3057EA5D}"
EndProject
Global
	GlobalSection(SolutionConfigurationPlatforms) = preSolution
		Debug|Any CPU = Debug|Any CPU
		Debug|x64 = Debug|x64
		Debug|x86 = Debug|x86
		Release|Any CPU = Release|Any CPU
		Release|x64 = Release|x64
		Release|x86 = Release|x86
	EndGlobalSection
	GlobalSection(ProjectConfigurationPlatforms) = postSolution
		{AF3BF73E-93F4-4394-A415-7A835E0B5942}.Debug|Any CPU.ActiveCfg = Debug|Any CPU
		{AF3BF73E-93F4-4394-A415-7A835E0B5942}.Debug|Any CPU.Build.0 = Debug|Any CPU
		{AF3BF73E-93F4-4394-A415-7A835E0B5942}.Debug|x64.ActiveCfg = Debug|Any CPU
		{AF3BF73E-93F4-4394-A415-7A835E0B5942}.Debug|x64.Build.0 = Debug|Any CPU
		{AF3BF73E-93F4-4394-A415-7A835E0B5942}.Debug|x86.ActiveCfg = Debug|Any CPU
		{AF3BF73E-93F4-4394-A415-7A835E0B5942}.Debug|x86.Build.0 = Debug|Any CPU
		{AF3BF73E-93F4-4394-A415-7A835E0B5942}.Release|Any CPU.ActiveCfg = Release|Any CPU
		{AF3BF73E-93F4-4394-A415-7A835E0B5942}.Release|Any CPU.Build.0 = Release|Any CPU
		{AF3BF73E-93F4-4394-A415-7A835E0B5942}.Release|x64.ActiveCfg = Release|Any CPU
		{AF3BF73E-93F4-4394-A415-7A835E0B5942}.Release|x64.Build.0 = Release|Any CPU
		{AF3BF73E-93F4-4394-A415-7A835E0B5942}.Release|x86.ActiveCfg = Release|Any CPU
		{AF3BF73E-93F4-4394-A415-7A835E0B5942}.Release|x86.Build.0 = Release|Any CPU
		{133B0F47-DA44-4FBF-99E0-331DFA048D78}.Debug|Any CPU.ActiveCfg = Debug|Any CPU
		{133B0F47-DA44-4FBF-99E0-331DFA048D78}.Debug|Any CPU.Build.0 = Debug|Any CPU
		{133B0F47-DA44-4FBF-99E0-331DFA048D78}.Debug|Any CPU.Deploy.0 = Debug|Any CPU
		{133B0F47-DA44-4FBF-99E0-331DFA048D78}.Debug|x64.ActiveCfg = Debug|x64
		{133B0F47-DA44-4FBF-99E0-331DFA048D78}.Debug|x64.Build.0 = Debug|x64
		{133B0F47-DA44-4FBF-99E0-331DFA048D78}.Debug|x86.ActiveCfg = Debug|x86
		{133B0F47-DA44-4FBF-99E0-331DFA048D78}.Debug|x86.Build.0 = Debug|x86
		{133B0F47-DA44-4FBF-99E0-331DFA048D78}.Release|Any CPU.ActiveCfg = Release|Any CPU
		{133B0F47-DA44-4FBF-99E0-331DFA048D78}.Release|Any CPU.Build.0 = Release|Any CPU
		{133B0F47-DA44-4FBF-99E0-331DFA048D78}.Release|x64.ActiveCfg = Release|x64
		{133B0F47-DA44-4FBF-99E0-331DFA048D78}.Release|x64.Build.0 = Release|x64
		{133B0F47-DA44-4FBF-99E0-331DFA048D78}.Release|x86.ActiveCfg = Release|x86
		{133B0F47-DA44-4FBF-99E0-331DFA048D78}.Release|x86.Build.0 = Release|x86
		{76ECD203-F022-4409-9C74-59EA353010E6}.Debug|Any CPU.ActiveCfg = Debug|Any CPU
		{76ECD203-F022-4409-9C74-59EA353010E6}.Debug|Any CPU.Build.0 = Debug|Any CPU
		{76ECD203-F022-4409-9C74-59EA353010E6}.Debug|x64.ActiveCfg = Debug|Any CPU
		{76ECD203-F022-4409-9C74-59EA353010E6}.Debug|x64.Build.0 = Debug|Any CPU
		{76ECD203-F022-4409-9C74-59EA353010E6}.Debug|x86.ActiveCfg = Debug|Any CPU
		{76ECD203-F022-4409-9C74-59EA353010E6}.Debug|x86.Build.0 = Debug|Any CPU
		{76ECD203-F022-4409-9C74-59EA353010E6}.Release|Any CPU.ActiveCfg = Release|Any CPU
		{76ECD203-F022-4409-9C74-59EA353010E6}.Release|Any CPU.Build.0 = Release|Any CPU
		{76ECD203-F022-4409-9C74-59EA353010E6}.Release|x64.ActiveCfg = Release|Any CPU
		{76ECD203-F022-4409-9C74-59EA353010E6}.Release|x64.Build.0 = Release|Any CPU
		{76ECD203-F022-4409-9C74-59EA353010E6}.Release|x86.ActiveCfg = Release|Any CPU
		{76ECD203-F022-4409-9C74-59EA353010E6}.Release|x86.Build.0 = Release|Any CPU
		{14E4C52E-8C1C-4C77-BBAE-7E4F3057EA5D}.Debug|Any CPU.ActiveCfg = Debug
		{14E4C52E-8C1C-4C77-BBAE-7E4F3057EA5D}.Debug|x64.ActiveCfg = Debug
		{14E4C52E-8C1C-4C77-BBAE-7E4F3057EA5D}.Debug|x64.Build.0 = Debug
		{14E4C52E-8C1C-4C77-BBAE-7E4F3057EA5D}.Debug|x86.ActiveCfg = Debug
		{14E4C52E-8C1C-4C77-BBAE-7E4F3057EA5D}.Debug|x86.Build.0 = Debug
		{14E4C52E-8C1C-4C77-BBAE-7E4F3057EA5D}.Release|Any CPU.ActiveCfg = Release
		{14E4C52E-8C1C-4C77-BBAE-7E4F3057EA5D}.Release|x64.ActiveCfg = Release
		{14E4C52E-8C1C-4C77-BBAE-7E4F3057EA5D}.Release|x64.Build.0 = Release
		{14E4C52E-8C1C-4C77-BBAE-7E4F3057EA5D}.Release|x86.ActiveCfg = Release
		{14E4C52E-8C1C-4C77-BBAE-7E4F3057EA5D}.Release|x86.Build.0 = Release
	EndGlobalSection
	GlobalSection(SolutionProperties) = preSolution
		HideSolutionNode = FALSE
	EndGlobalSection
EndGlobal
