
Microsoft Visual Studio Solution File, Format Version 12.00
# Visual Studio 15
VisualStudioVersion = 15.0.26430.15
MinimumVisualStudioVersion = 10.0.40219.1
Project("{FAE04EC0-301F-11D3-BF4B-00C04F79EFBC}") = "GUI", "GUI.csproj", "{AF3BF73E-93F4-4394-A415-7A835E0B5942}"
EndProject
Project("{FAE04EC0-301F-11D3-BF4B-00C04F79EFBC}") = "BL", "..\BL\BL.csproj", "{133B0F47-DA44-4FBF-99E0-331DFA048D78}"
EndProject
Project("{FAE04EC0-301F-11D3-BF4B-00C04F79EFBC}") = "DLL", "DLL\DLL.csproj", "{76ECD203-F022-4409-9C74-59EA353010E6}"
EndProject
Global
	GlobalSection(SolutionConfigurationPlatforms) = preSolution
		Debug|Any CPU = Debug|Any CPU
		Release|Any CPU = Release|Any CPU
	EndGlobalSection
	GlobalSection(ProjectConfigurationPlatforms) = postSolution
		{AF3BF73E-93F4-4394-A415-7A835E0B5942}.Debug|Any CPU.ActiveCfg = Debug|Any CPU
		{AF3BF73E-93F4-4394-A415-7A835E0B5942}.Debug|Any CPU.Build.0 = Debug|Any CPU
		{AF3BF73E-93F4-4394-A415-7A835E0B5942}.Release|Any CPU.ActiveCfg = Release|Any CPU
		{AF3BF73E-93F4-4394-A415-7A835E0B5942}.Release|Any CPU.Build.0 = Release|Any CPU
		{133B0F47-DA44-4FBF-99E0-331DFA048D78}.Debug|Any CPU.ActiveCfg = Debug|Any CPU
		{133B0F47-DA44-4FBF-99E0-331DFA048D78}.Debug|Any CPU.Build.0 = Debug|Any CPU
		{133B0F47-DA44-4FBF-99E0-331DFA048D78}.Release|Any CPU.ActiveCfg = Release|Any CPU
		{133B0F47-DA44-4FBF-99E0-331DFA048D78}.Release|Any CPU.Build.0 = Release|Any CPU
		{76ECD203-F022-4409-9C74-59EA353010E6}.Debug|Any CPU.ActiveCfg = Debug|Any CPU
		{76ECD203-F022-4409-9C74-59EA353010E6}.Debug|Any CPU.Build.0 = Debug|Any CPU
		{76ECD203-F022-4409-9C74-59EA353010E6}.Release|Any CPU.ActiveCfg = Release|Any CPU
		{76ECD203-F022-4409-9C74-59EA353010E6}.Release|Any CPU.Build.0 = Release|Any CPU
	EndGlobalSection
	GlobalSection(SolutionProperties) = preSolution
		HideSolutionNode = FALSE
	EndGlobalSection
EndGlobal
